
Microsoft Visual Studio Solution File, Format Version 12.00
# Visual Studio 15
VisualStudioVersion = 15.0.27004.2002
MinimumVisualStudioVersion = 10.0.40219.1
Project("{9A19103F-16F7-4668-BE54-9A1E7A4F7556}") = "UserDetail", "UserDetail.csproj", "{325A76DA-8233-4660-9A47-EC0EDC2D626F}"
EndProject
Project("{FAE04EC0-301F-11D3-BF4B-00C04F79EFBC}") = "UserDetail.Test", "..\UserDetail.Test\UserDetail.Test.csproj", "{E2BA604A-BC2C-412B-AD24-4C1372B6BDC3}"
EndProject
Global
	GlobalSection(SolutionConfigurationPlatforms) = preSolution
		Debug|Any CPU = Debug|Any CPU
		Release|Any CPU = Release|Any CPU
	EndGlobalSection
	GlobalSection(ProjectConfigurationPlatforms) = postSolution
		{325A76DA-8233-4660-9A47-EC0EDC2D626F}.Debug|Any CPU.ActiveCfg = Debug|Any CPU
		{325A76DA-8233-4660-9A47-EC0EDC2D626F}.Debug|Any CPU.Build.0 = Debug|Any CPU
		{325A76DA-8233-4660-9A47-EC0EDC2D626F}.Release|Any CPU.ActiveCfg = Release|Any CPU
		{325A76DA-8233-4660-9A47-EC0EDC2D626F}.Release|Any CPU.Build.0 = Release|Any CPU
		{E2BA604A-BC2C-412B-AD24-4C1372B6BDC3}.Debug|Any CPU.ActiveCfg = Debug|Any CPU
		{E2BA604A-BC2C-412B-AD24-4C1372B6BDC3}.Debug|Any CPU.Build.0 = Debug|Any CPU
		{E2BA604A-BC2C-412B-AD24-4C1372B6BDC3}.Release|Any CPU.ActiveCfg = Release|Any CPU
		{E2BA604A-BC2C-412B-AD24-4C1372B6BDC3}.Release|Any CPU.Build.0 = Release|Any CPU
	EndGlobalSection
	GlobalSection(SolutionProperties) = preSolution
		HideSolutionNode = FALSE
	EndGlobalSection
	GlobalSection(ExtensibilityGlobals) = postSolution
		SolutionGuid = {27C9D622-E6E7-4381-A072-9E2831A7D396}
	EndGlobalSection
EndGlobal
